%{
  "axon": {:hex, :axon, "0.3.1", "d2f678871d439ff623c50eecb255e2e89de9e2cd5d4bb7a40d9a80f3a46b86d1", [:mix], [{:kino, "~> 0.7", [hex: :kino, repo: "hexpm", optional: true]}, {:nx, "~> 0.4.0", [hex: :nx, repo: "hexpm", optional: false]}, {:table_rex, "~> 3.1.1", [hex: :table_rex, repo: "hexpm", optional: true]}], "hexpm", "01e0c085a3f26d0cccd44e29a2f308c537ad71d573bb853130f1fd484caccd55"},
  "bunt": {:hex, :bunt, "0.2.1", "e2d4792f7bc0ced7583ab54922808919518d0e57ee162901a16a1b6664ef3b14", [:mix], [], "hexpm", "a330bfb4245239787b15005e66ae6845c9cd524a288f0d141c148b02603777a5"},
  "complex": {:hex, :complex, "0.4.3", "84db4aad241099a8785446ac6eacf498bf3a60634a0e45c7745d875714ddbf98", [:mix], [], "hexpm", "2ceda96ebddcc22697974f1a2666d4cc5dfdd34f8cd8c4f9dced037bcb41eeb5"},
  "credo": {:hex, :credo, "1.7.0", "6119bee47272e85995598ee04f2ebbed3e947678dee048d10b5feca139435f75", [:mix], [{:bunt, "~> 0.2.1", [hex: :bunt, repo: "hexpm", optional: false]}, {:file_system, "~> 0.2.8", [hex: :file_system, repo: "hexpm", optional: false]}, {:jason, "~> 1.0", [hex: :jason, repo: "hexpm", optional: false]}], "hexpm", "6839fcf63d1f0d1c0f450abc8564a57c43d644077ab96f2934563e68b8a769d7"},
  "elixir_make": {:hex, :elixir_make, "0.7.7", "7128c60c2476019ed978210c245badf08b03dbec4f24d05790ef791da11aa17c", [:mix], [{:castore, "~> 0.1 or ~> 1.0", [hex: :castore, repo: "hexpm", optional: true]}], "hexpm", "5bc19fff950fad52bbe5f211b12db9ec82c6b34a9647da0c2224b8b8464c7e6c"},
  "exla": {:hex, :exla, "0.4.2", "7d5008c36c942de75efddffe4a4e6aac98da722261b7188b23b1363282a146a8", [:make, :mix], [{:elixir_make, "~> 0.6", [hex: :elixir_make, repo: "hexpm", optional: false]}, {:nx, "~> 0.4.2", [hex: :nx, repo: "hexpm", optional: false]}, {:telemetry, "~> 0.4.0 or ~> 1.0", [hex: :telemetry, repo: "hexpm", optional: false]}, {:xla, "~> 0.4.0", [hex: :xla, repo: "hexpm", optional: false]}], "hexpm", "c7c5d70073c30ca4fee3981d992d27f2a2c1d8333b012ab8d0f7330c3624ee79"},
  "file_system": {:hex, :file_system, "0.2.10", "fb082005a9cd1711c05b5248710f8826b02d7d1784e7c3451f9c1231d4fc162d", [:mix], [], "hexpm", "41195edbfb562a593726eda3b3e8b103a309b733ad25f3d642ba49696bf715dc"},
  "jason": {:hex, :jason, "1.4.1", "af1504e35f629ddcdd6addb3513c3853991f694921b1b9368b0bd32beb9f1b63", [:mix], [{:decimal, "~> 1.0 or ~> 2.0", [hex: :decimal, repo: "hexpm", optional: true]}], "hexpm", "fbb01ecdfd565b56261302f7e1fcc27c4fb8f32d56eab74db621fc154604a7a1"},
  "nx": {:hex, :nx, "0.4.2", "444e9cc1b1e95edf8c9d9d9f22635349a0cd60cb6a07d4954f3016b2d6d178d7", [:mix], [{:complex, "~> 0.4.3", [hex: :complex, repo: "hexpm", optional: false]}], "hexpm", "9d8f110cf733c4bbc86f0a5fe08f6537e106c39bbcb6dfabc7ef33f14f12edb3"},
  "telemetry": {:hex, :telemetry, "1.2.1", "68fdfe8d8f05a8428483a97d7aab2f268aaff24b49e0f599faa091f1d4e7f61c", [:rebar3], [], "hexpm", "dad9ce9d8effc621708f99eac538ef1cbe05d6a874dd741de2e689c47feafed5"},
  "xla": {:hex, :xla, "0.4.4", "c3a8ed1f579bda949df505e49ff65415c8281d991fbd6ae1d8f3c5d0fd155f54", [:make, :mix], [{:elixir_make, "~> 0.4", [hex: :elixir_make, repo: "hexpm", optional: false]}], "hexpm", "484f3f9011db3c9f1ff1e98eecefd382f3882a07ada540fd58803db1d2dab671"},
}
